<?xml version="1.0" encoding="utf-8"?>
<Project ToolsVersion="4.0" xmlns="http://schemas.microsoft.com/developer/msbuild/2003">
  <ItemGroup>
    <Filter Include="Source Files">
      <UniqueIdentifier>{4FC737F1-C7A5-4376-A066-2A32D752A2FF}</UniqueIdentifier>
      <Extensions>cpp;c;cc;cxx;c++;cppm;ixx;def;odl;idl;hpj;bat;asm;asmx</Extensions>
    </Filter>
    <Filter Include="Header Files">
      <UniqueIdentifier>{93995380-89BD-4b04-88EB-625FBE52EBFB}</UniqueIdentifier>
      <Extensions>h;hh;hpp;hxx;h++;hm;inl;inc;ipp;xsd</Extensions>
    </Filter>
    <Filter Include="Resource Files">
      <UniqueIdentifier>{67DA6AB6-F800-4c08-8B7A-83BB121AAD01}</UniqueIdentifier>
      <Extensions>rc;ico;cur;bmp;dlg;rc2;rct;bin;rgs;gif;jpg;jpeg;jpe;resx;tiff;tif;png;wav;mfcribbon-ms</Extensions>
    </Filter>
  </ItemGroup>
  <ItemGroup>
    <ClCompile Include="fov-changer-dll\dllmain.cpp">
      <Filter>Source Files</Filter>
    </ClCompile>
    <ClCompile Include="fov-changer-dll\modules\zoom.cpp">
      <Filter>Source Files</Filter>
    </ClCompile>
    <ClCompile Include="fov-changer-dll\utils\mem.cpp">
      <Filter>Source Files</Filter>
    </ClCompile>
    <ClCompile Include="fov-changer-dll\utils\proc.cpp">
      <Filter>Source Files</Filter>
    </ClCompile>
    <ClCompile Include="fov-changer-dll\game.cpp">
      <Filter>Source Files</Filter>
    </ClCompile>
    <ClCompile Include="fov-changer-dll\utils\animation.cpp">
      <Filter>Source Files</Filter>
    </ClCompile>
    <ClCompile Include="fov-changer-dll\modules\freelook.cpp">
      <Filter>Source Files</Filter>
    </ClCompile>
    <ClCompile Include="fov-changer-dll\network\network.cpp">
      <Filter>Source Files</Filter>
    </ClCompile>
    <ClCompile Include="fov-changer-dll\modules\nametag.cpp">
      <Filter>Source Files</Filter>
    </ClCompile>
    <ClCompile Include="fov-changer-dll\ui\renderer.cpp">
      <Filter>Source Files</Filter>
    </ClCompile>
    <ClCompile Include="fov-changer-dll\ui\common\DeviceResources.cpp">
      <Filter>Source Files</Filter>
    </ClCompile>
    <ClCompile Include="fov-changer-dll\pch.cpp">
      <Filter>Source Files</Filter>
    </ClCompile>
    <ClCompile Include="fov-changer-dll\pch.cpp">
      <Filter>Source Files</Filter>
    </ClCompile>
    <ClCompile Include="fov-changer-dll\core\settings.cpp">
      <Filter>Source Files</Filter>
    </ClCompile>
    <ClCompile Include="fov-changer-dll\core\module.cpp">
      <Filter>Source Files</Filter>
    </ClCompile>
    <ClCompile Include="fov-changer-dll\core\input.cpp">
      <Filter>Source Files</Filter>
    </ClCompile>
    <ClCompile Include="fov-changer-dll\ui\main.cpp">
      <Filter>Source Files</Filter>
    </ClCompile>
  </ItemGroup>
  <ItemGroup>
    <ClInclude Include="fov-changer-dll\pch.h">
      <Filter>Header Files</Filter>
    </ClInclude>
    <ClInclude Include="fov-changer-dll\modules\zoom.h">
      <Filter>Header Files</Filter>
    </ClInclude>
    <ClInclude Include="fov-changer-dll\utils\mem.h">
      <Filter>Header Files</Filter>
    </ClInclude>
    <ClInclude Include="fov-changer-dll\utils\proc.h">
      <Filter>Header Files</Filter>
    </ClInclude>
    <ClInclude Include="fov-changer-dll\game.h">
      <Filter>Header Files</Filter>
    </ClInclude>
    <ClInclude Include="fov-changer-dll\utils\animation.h">
      <Filter>Header Files</Filter>
    </ClInclude>
    <ClInclude Include="fov-changer-dll\modules\freelook.h">
      <Filter>Header Files</Filter>
    </ClInclude>
    <ClInclude Include="include\nlohmann\json.hpp">
      <Filter>Header Files</Filter>
    </ClInclude>
    <ClInclude Include="fov-changer-dll\network\network.h">
      <Filter>Header Files</Filter>
    </ClInclude>
    <ClInclude Include="include\MinHook.h">
      <Filter>Header Files</Filter>
    </ClInclude>
    <ClInclude Include="fov-changer-dll\modules\nametag.h">
      <Filter>Header Files</Filter>
    </ClInclude>
    <ClInclude Include="include\zmq_utils.h">
      <Filter>Header Files</Filter>
    </ClInclude>
    <ClInclude Include="include\zmq.h">
      <Filter>Header Files</Filter>
    </ClInclude>
    <ClInclude Include="include\cppzmq\zmq.hpp">
      <Filter>Header Files</Filter>
    </ClInclude>
    <ClInclude Include="fov-changer-dll\utils\Logger.h">
      <Filter>Header Files</Filter>
    </ClInclude>
    <ClInclude Include="fov-changer-dll\ui\renderer.h">
      <Filter>Header Files</Filter>
    </ClInclude>
    <ClInclude Include="fov-changer-dll\ui\common\DeviceResources.h">
      <Filter>Header Files</Filter>
    </ClInclude>
    <ClInclude Include="fov-changer-dll\ui\common\DirectXHelper.h">
      <Filter>Header Files</Filter>
    </ClInclude>
    <ClInclude Include="fov-changer-dll\core\settings.h">
      <Filter>Header Files</Filter>
    </ClInclude>
    <ClInclude Include="fov-changer-dll\core\module.h">
      <Filter>Header Files</Filter>
    </ClInclude>
    <ClInclude Include="fov-changer-dll\SDK\KeyMappings.h">
      <Filter>Header Files</Filter>
    </ClInclude>
    <ClInclude Include="fov-changer-dll\core\input.h">
      <Filter>Header Files</Filter>
    </ClInclude>
    <ClInclude Include="fov-changer-dll\ui\main.h">
      <Filter>Header Files</Filter>
    </ClInclude>
  </ItemGroup>
  <ItemGroup>
    <Text Include="lib\MINHOOK_LICENSE.txt" />
  </ItemGroup>
  <ItemGroup>
    <Library Include="lib\libMinHook.x64.lib" />
    <Library Include="lib\libMinHook.x86.lib" />
    <Library Include="lib\libzmq-mt-s-4_3_3.lib" />
  </ItemGroup>
  <ItemGroup>
    <Page Include="fov-changer-dll\ui\DeviceResources.xaml" />
  </ItemGroup>
</Project>